// !$*UTF8*$!
{
	archiveVersion = 1;
	classes = {
	};
	objectVersion = 56;
	objects = {

/* Begin PBXBuildFile section */
		E607D4732CC72ACA00D448FB /* EditProfilePictureViewModel.swift in Sources */ = {isa = PBXBuildFile; fileRef = E607D4722CC72ACA00D448FB /* EditProfilePictureViewModel.swift */; };
		E607D4772CCB187F00D448FB /* HomeViewModel.swift in Sources */ = {isa = PBXBuildFile; fileRef = E607D4762CCB187F00D448FB /* HomeViewModel.swift */; };
		E60DDAC52C8A48D000FBBD36 /* BopitoApp.swift in Sources */ = {isa = PBXBuildFile; fileRef = E60DDAC42C8A48D000FBBD36 /* BopitoApp.swift */; };
		E60DDAC72C8A48D000FBBD36 /* ContentView.swift in Sources */ = {isa = PBXBuildFile; fileRef = E60DDAC62C8A48D000FBBD36 /* ContentView.swift */; };
		E60DDACB2C8A48D100FBBD36 /* Assets.xcassets in Resources */ = {isa = PBXBuildFile; fileRef = E60DDACA2C8A48D100FBBD36 /* Assets.xcassets */; };
		E60DDACE2C8A48D100FBBD36 /* Preview Assets.xcassets in Resources */ = {isa = PBXBuildFile; fileRef = E60DDACD2C8A48D100FBBD36 /* Preview Assets.xcassets */; };
		E60DDAD82C8A48D100FBBD36 /* BopitoTests.swift in Sources */ = {isa = PBXBuildFile; fileRef = E60DDAD72C8A48D100FBBD36 /* BopitoTests.swift */; };
		E60DDAE22C8A48D100FBBD36 /* BopitoUITests.swift in Sources */ = {isa = PBXBuildFile; fileRef = E60DDAE12C8A48D100FBBD36 /* BopitoUITests.swift */; };
		E60DDAE42C8A48D100FBBD36 /* BopitoUITestsLaunchTests.swift in Sources */ = {isa = PBXBuildFile; fileRef = E60DDAE32C8A48D100FBBD36 /* BopitoUITestsLaunchTests.swift */; };
		E60DDAF12C8A48F900FBBD36 /* SupabaseManager.swift in Sources */ = {isa = PBXBuildFile; fileRef = E60DDAF02C8A48F900FBBD36 /* SupabaseManager.swift */; };
		E60DDAF42C8A491F00FBBD36 /* Auth in Frameworks */ = {isa = PBXBuildFile; productRef = E60DDAF32C8A491F00FBBD36 /* Auth */; };
		E60DDAF62C8A491F00FBBD36 /* Functions in Frameworks */ = {isa = PBXBuildFile; productRef = E60DDAF52C8A491F00FBBD36 /* Functions */; };
		E60DDAF82C8A491F00FBBD36 /* PostgREST in Frameworks */ = {isa = PBXBuildFile; productRef = E60DDAF72C8A491F00FBBD36 /* PostgREST */; };
		E60DDAFA2C8A491F00FBBD36 /* Realtime in Frameworks */ = {isa = PBXBuildFile; productRef = E60DDAF92C8A491F00FBBD36 /* Realtime */; };
		E60DDAFC2C8A491F00FBBD36 /* Storage in Frameworks */ = {isa = PBXBuildFile; productRef = E60DDAFB2C8A491F00FBBD36 /* Storage */; };
		E60DDAFF2C8A4AE300FBBD36 /* Supabase in Frameworks */ = {isa = PBXBuildFile; productRef = E60DDAFE2C8A4AE300FBBD36 /* Supabase */; };
		E60DDB022C8A4B3400FBBD36 /* AppView.swift in Sources */ = {isa = PBXBuildFile; fileRef = E60DDB012C8A4B3400FBBD36 /* AppView.swift */; };
		E60DDB0C2C8A4B8E00FBBD36 /* HomeView.swift in Sources */ = {isa = PBXBuildFile; fileRef = E60DDB042C8A4B8E00FBBD36 /* HomeView.swift */; };
		E60DDB0D2C8A4B8E00FBBD36 /* ComposePostView.swift in Sources */ = {isa = PBXBuildFile; fileRef = E60DDB052C8A4B8E00FBBD36 /* ComposePostView.swift */; };
		E60DDB0E2C8A4B8E00FBBD36 /* RepliesView.swift in Sources */ = {isa = PBXBuildFile; fileRef = E60DDB062C8A4B8E00FBBD36 /* RepliesView.swift */; };
		E60DDB0F2C8A4B8E00FBBD36 /* NotificationsView.swift in Sources */ = {isa = PBXBuildFile; fileRef = E60DDB072C8A4B8E00FBBD36 /* NotificationsView.swift */; };
		E60DDB102C8A4B8E00FBBD36 /* SettingsView.swift in Sources */ = {isa = PBXBuildFile; fileRef = E60DDB082C8A4B8E00FBBD36 /* SettingsView.swift */; };
		E60DDB122C8A4B8E00FBBD36 /* ProfileView.swift in Sources */ = {isa = PBXBuildFile; fileRef = E60DDB0A2C8A4B8E00FBBD36 /* ProfileView.swift */; };
		E60DDB142C8A4C5600FBBD36 /* Submission.swift in Sources */ = {isa = PBXBuildFile; fileRef = E60DDB132C8A4C5600FBBD36 /* Submission.swift */; };
		E60DDB172C8A4C7C00FBBD36 /* User.swift in Sources */ = {isa = PBXBuildFile; fileRef = E60DDB162C8A4C7C00FBBD36 /* User.swift */; };
		E60DDB192C8B7F7300FBBD36 /* ProfilePictureView.swift in Sources */ = {isa = PBXBuildFile; fileRef = E60DDB182C8B7F7300FBBD36 /* ProfilePictureView.swift */; };
		E60DDB1B2C8BE66400FBBD36 /* Vote.swift in Sources */ = {isa = PBXBuildFile; fileRef = E60DDB1A2C8BE66400FBBD36 /* Vote.swift */; };
		E60DDB1D2C90DF3D00FBBD36 /* EditProfileView.swift in Sources */ = {isa = PBXBuildFile; fileRef = E60DDB1C2C90DF3D00FBBD36 /* EditProfileView.swift */; };
		E60DDB202C90E9E300FBBD36 /* DateTimeTool.swift in Sources */ = {isa = PBXBuildFile; fileRef = E60DDB1F2C90E9E300FBBD36 /* DateTimeTool.swift */; };
		E60DDB222C91278100FBBD36 /* RandomGeneratorTool.swift in Sources */ = {isa = PBXBuildFile; fileRef = E60DDB212C91278100FBBD36 /* RandomGeneratorTool.swift */; };
		E60DDB242C91E45D00FBBD36 /* Follow.swift in Sources */ = {isa = PBXBuildFile; fileRef = E60DDB232C91E45D00FBBD36 /* Follow.swift */; };
		E60DDB292C935FE100FBBD36 /* FollowsTabView.swift in Sources */ = {isa = PBXBuildFile; fileRef = E60DDB282C935FE100FBBD36 /* FollowsTabView.swift */; };
		E60DDB2C2C9360B100FBBD36 /* FollowsView.swift in Sources */ = {isa = PBXBuildFile; fileRef = E60DDB2B2C9360B100FBBD36 /* FollowsView.swift */; };
		E60DDB302C93635C00FBBD36 /* FollowView.swift in Sources */ = {isa = PBXBuildFile; fileRef = E60DDB2F2C93635C00FBBD36 /* FollowView.swift */; };
		E63831AC2D120B050036F283 /* PostView.swift in Sources */ = {isa = PBXBuildFile; fileRef = E63831AB2D120B050036F283 /* PostView.swift */; };
		E664647F2CA480AE0083C1D4 /* VotersView.swift in Sources */ = {isa = PBXBuildFile; fileRef = E664647E2CA480AE0083C1D4 /* VotersView.swift */; };
		E66464812CA481CC0083C1D4 /* VoteView.swift in Sources */ = {isa = PBXBuildFile; fileRef = E66464802CA481CC0083C1D4 /* VoteView.swift */; };
		E66464832CA4889D0083C1D4 /* FollowButtonView.swift in Sources */ = {isa = PBXBuildFile; fileRef = E66464822CA4889D0083C1D4 /* FollowButtonView.swift */; };
		E66464852CA4C2240083C1D4 /* Boost.swift in Sources */ = {isa = PBXBuildFile; fileRef = E66464842CA4C2240083C1D4 /* Boost.swift */; };
		E66464872CA52AD00083C1D4 /* TermsOfServiceView.swift in Sources */ = {isa = PBXBuildFile; fileRef = E66464862CA52AD00083C1D4 /* TermsOfServiceView.swift */; };
		E66593102CE42223008E2515 /* NetworkMonitor.swift in Sources */ = {isa = PBXBuildFile; fileRef = E665930F2CE42223008E2515 /* NetworkMonitor.swift */; };
		E67558952CA53C3700B98B5C /* SharesView.swift in Sources */ = {isa = PBXBuildFile; fileRef = E67558942CA53C3700B98B5C /* SharesView.swift */; };
		E67558972CA53E6900B98B5C /* BoostersView.swift in Sources */ = {isa = PBXBuildFile; fileRef = E67558962CA53E6900B98B5C /* BoostersView.swift */; };
		E675589D2CA68D9200B98B5C /* CoinShopView.swift in Sources */ = {isa = PBXBuildFile; fileRef = E675589C2CA68D9200B98B5C /* CoinShopView.swift */; };
		E675589F2CAC74F800B98B5C /* StoreKit.framework in Frameworks */ = {isa = PBXBuildFile; fileRef = E675589E2CAC74F800B98B5C /* StoreKit.framework */; };
		E67558A12CAC754800B98B5C /* InAppPurchaseManager.swift in Sources */ = {isa = PBXBuildFile; fileRef = E67558A02CAC754800B98B5C /* InAppPurchaseManager.swift */; };
		E67558A62CAC8EB900B98B5C /* FirebaseMessaging in Frameworks */ = {isa = PBXBuildFile; productRef = E67558A52CAC8EB900B98B5C /* FirebaseMessaging */; };
		E67558AC2CACA27C00B98B5C /* NotificationManager.swift in Sources */ = {isa = PBXBuildFile; fileRef = E67558AB2CACA27C00B98B5C /* NotificationManager.swift */; };
		E67558AE2CAF42C400B98B5C /* Block.swift in Sources */ = {isa = PBXBuildFile; fileRef = E67558AD2CAF42C400B98B5C /* Block.swift */; };
		E67558B02CAF8B0600B98B5C /* GoogleService-Info.plist in Resources */ = {isa = PBXBuildFile; fileRef = E67558AF2CAF8B0600B98B5C /* GoogleService-Info.plist */; };
		E694536E2C94AE1600F799E6 /* Notification.swift in Sources */ = {isa = PBXBuildFile; fileRef = E694536D2C94AE1600F799E6 /* Notification.swift */; };
		E69453702C94BF7D00F799E6 /* NotificationView.swift in Sources */ = {isa = PBXBuildFile; fileRef = E694536F2C94BF7D00F799E6 /* NotificationView.swift */; };
		E69453732C9BE9FA00F799E6 /* SubmissionView.swift in Sources */ = {isa = PBXBuildFile; fileRef = E69453722C9BE9FA00F799E6 /* SubmissionView.swift */; };
		E69453752C9CBB1400F799E6 /* Version.swift in Sources */ = {isa = PBXBuildFile; fileRef = E69453742C9CBB1400F799E6 /* Version.swift */; };
		E69453782CA338F300F799E6 /* BoostsView.swift in Sources */ = {isa = PBXBuildFile; fileRef = E69453772CA338F300F799E6 /* BoostsView.swift */; };
		E6E8F7AB2CEE8A6A00B6781E /* PII.swift in Sources */ = {isa = PBXBuildFile; fileRef = E6E8F7AA2CEE8A6A00B6781E /* PII.swift */; };
		E6EC460B2CD3F4B300AC3615 /* BoostButtonView.swift in Sources */ = {isa = PBXBuildFile; fileRef = E6EC460A2CD3F4B300AC3615 /* BoostButtonView.swift */; };
		E6FE7C242CB5AD9C00919DCB /* GoogleMobileAds in Frameworks */ = {isa = PBXBuildFile; productRef = E6FE7C232CB5AD9C00919DCB /* GoogleMobileAds */; };
		E6FE7C272CB5B9B500919DCB /* SearchView.swift in Sources */ = {isa = PBXBuildFile; fileRef = E6FE7C262CB5B9B500919DCB /* SearchView.swift */; };
		E6FE7C292CB5D35600919DCB /* AppDelegate.swift in Sources */ = {isa = PBXBuildFile; fileRef = E6FE7C282CB5D35600919DCB /* AppDelegate.swift */; };
		E6FE7C2B2CB86DDE00919DCB /* AdmobManager.swift in Sources */ = {isa = PBXBuildFile; fileRef = E6FE7C2A2CB86DDE00919DCB /* AdmobManager.swift */; };
		E6FE7C2D2CC1A17600919DCB /* BoostInfo.swift in Sources */ = {isa = PBXBuildFile; fileRef = E6FE7C2C2CC1A17600919DCB /* BoostInfo.swift */; };
		E6FE7C2F2CC2E3C000919DCB /* BoostView.swift in Sources */ = {isa = PBXBuildFile; fileRef = E6FE7C2E2CC2E3C000919DCB /* BoostView.swift */; };
		E6FE7C312CC6DE8600919DCB /* EditProfilePictureView.swift in Sources */ = {isa = PBXBuildFile; fileRef = E6FE7C302CC6DE8600919DCB /* EditProfilePictureView.swift */; };
/* End PBXBuildFile section */

/* Begin PBXContainerItemProxy section */
		E60DDAD42C8A48D100FBBD36 /* PBXContainerItemProxy */ = {
			isa = PBXContainerItemProxy;
			containerPortal = E60DDAB92C8A48D000FBBD36 /* Project object */;
			proxyType = 1;
			remoteGlobalIDString = E60DDAC02C8A48D000FBBD36;
			remoteInfo = Bopito;
		};
		E60DDADE2C8A48D100FBBD36 /* PBXContainerItemProxy */ = {
			isa = PBXContainerItemProxy;
			containerPortal = E60DDAB92C8A48D000FBBD36 /* Project object */;
			proxyType = 1;
			remoteGlobalIDString = E60DDAC02C8A48D000FBBD36;
			remoteInfo = Bopito;
		};
/* End PBXContainerItemProxy section */

/* Begin PBXFileReference section */
		E607D4722CC72ACA00D448FB /* EditProfilePictureViewModel.swift */ = {isa = PBXFileReference; lastKnownFileType = sourcecode.swift; path = EditProfilePictureViewModel.swift; sourceTree = "<group>"; };
		E607D4762CCB187F00D448FB /* HomeViewModel.swift */ = {isa = PBXFileReference; lastKnownFileType = sourcecode.swift; path = HomeViewModel.swift; sourceTree = "<group>"; };
		E60DDAC12C8A48D000FBBD36 /* Bopito.app */ = {isa = PBXFileReference; explicitFileType = wrapper.application; includeInIndex = 0; path = Bopito.app; sourceTree = BUILT_PRODUCTS_DIR; };
		E60DDAC42C8A48D000FBBD36 /* BopitoApp.swift */ = {isa = PBXFileReference; lastKnownFileType = sourcecode.swift; path = BopitoApp.swift; sourceTree = "<group>"; };
		E60DDAC62C8A48D000FBBD36 /* ContentView.swift */ = {isa = PBXFileReference; lastKnownFileType = sourcecode.swift; path = ContentView.swift; sourceTree = "<group>"; };
		E60DDACA2C8A48D100FBBD36 /* Assets.xcassets */ = {isa = PBXFileReference; lastKnownFileType = folder.assetcatalog; path = Assets.xcassets; sourceTree = "<group>"; };
		E60DDACD2C8A48D100FBBD36 /* Preview Assets.xcassets */ = {isa = PBXFileReference; lastKnownFileType = folder.assetcatalog; path = "Preview Assets.xcassets"; sourceTree = "<group>"; };
		E60DDAD32C8A48D100FBBD36 /* BopitoTests.xctest */ = {isa = PBXFileReference; explicitFileType = wrapper.cfbundle; includeInIndex = 0; path = BopitoTests.xctest; sourceTree = BUILT_PRODUCTS_DIR; };
		E60DDAD72C8A48D100FBBD36 /* BopitoTests.swift */ = {isa = PBXFileReference; lastKnownFileType = sourcecode.swift; path = BopitoTests.swift; sourceTree = "<group>"; };
		E60DDADD2C8A48D100FBBD36 /* BopitoUITests.xctest */ = {isa = PBXFileReference; explicitFileType = wrapper.cfbundle; includeInIndex = 0; path = BopitoUITests.xctest; sourceTree = BUILT_PRODUCTS_DIR; };
		E60DDAE12C8A48D100FBBD36 /* BopitoUITests.swift */ = {isa = PBXFileReference; lastKnownFileType = sourcecode.swift; path = BopitoUITests.swift; sourceTree = "<group>"; };
		E60DDAE32C8A48D100FBBD36 /* BopitoUITestsLaunchTests.swift */ = {isa = PBXFileReference; lastKnownFileType = sourcecode.swift; path = BopitoUITestsLaunchTests.swift; sourceTree = "<group>"; };
		E60DDAF02C8A48F900FBBD36 /* SupabaseManager.swift */ = {isa = PBXFileReference; fileEncoding = 4; lastKnownFileType = sourcecode.swift; path = SupabaseManager.swift; sourceTree = "<group>"; };
		E60DDB012C8A4B3400FBBD36 /* AppView.swift */ = {isa = PBXFileReference; lastKnownFileType = sourcecode.swift; path = AppView.swift; sourceTree = "<group>"; };
		E60DDB042C8A4B8E00FBBD36 /* HomeView.swift */ = {isa = PBXFileReference; fileEncoding = 4; lastKnownFileType = sourcecode.swift; path = HomeView.swift; sourceTree = "<group>"; };
		E60DDB052C8A4B8E00FBBD36 /* ComposePostView.swift */ = {isa = PBXFileReference; fileEncoding = 4; lastKnownFileType = sourcecode.swift; path = ComposePostView.swift; sourceTree = "<group>"; };
		E60DDB062C8A4B8E00FBBD36 /* RepliesView.swift */ = {isa = PBXFileReference; fileEncoding = 4; lastKnownFileType = sourcecode.swift; path = RepliesView.swift; sourceTree = "<group>"; };
		E60DDB072C8A4B8E00FBBD36 /* NotificationsView.swift */ = {isa = PBXFileReference; fileEncoding = 4; lastKnownFileType = sourcecode.swift; path = NotificationsView.swift; sourceTree = "<group>"; };
		E60DDB082C8A4B8E00FBBD36 /* SettingsView.swift */ = {isa = PBXFileReference; fileEncoding = 4; lastKnownFileType = sourcecode.swift; path = SettingsView.swift; sourceTree = "<group>"; };
		E60DDB0A2C8A4B8E00FBBD36 /* ProfileView.swift */ = {isa = PBXFileReference; fileEncoding = 4; lastKnownFileType = sourcecode.swift; path = ProfileView.swift; sourceTree = "<group>"; };
		E60DDB132C8A4C5600FBBD36 /* Submission.swift */ = {isa = PBXFileReference; lastKnownFileType = sourcecode.swift; path = Submission.swift; sourceTree = "<group>"; };
		E60DDB162C8A4C7C00FBBD36 /* User.swift */ = {isa = PBXFileReference; lastKnownFileType = sourcecode.swift; path = User.swift; sourceTree = "<group>"; };
		E60DDB182C8B7F7300FBBD36 /* ProfilePictureView.swift */ = {isa = PBXFileReference; lastKnownFileType = sourcecode.swift; path = ProfilePictureView.swift; sourceTree = "<group>"; };
		E60DDB1A2C8BE66400FBBD36 /* Vote.swift */ = {isa = PBXFileReference; lastKnownFileType = sourcecode.swift; path = Vote.swift; sourceTree = "<group>"; };
		E60DDB1C2C90DF3D00FBBD36 /* EditProfileView.swift */ = {isa = PBXFileReference; lastKnownFileType = sourcecode.swift; path = EditProfileView.swift; sourceTree = "<group>"; };
		E60DDB1F2C90E9E300FBBD36 /* DateTimeTool.swift */ = {isa = PBXFileReference; lastKnownFileType = sourcecode.swift; path = DateTimeTool.swift; sourceTree = "<group>"; };
		E60DDB212C91278100FBBD36 /* RandomGeneratorTool.swift */ = {isa = PBXFileReference; lastKnownFileType = sourcecode.swift; path = RandomGeneratorTool.swift; sourceTree = "<group>"; };
		E60DDB232C91E45D00FBBD36 /* Follow.swift */ = {isa = PBXFileReference; lastKnownFileType = sourcecode.swift; path = Follow.swift; sourceTree = "<group>"; };
		E60DDB282C935FE100FBBD36 /* FollowsTabView.swift */ = {isa = PBXFileReference; lastKnownFileType = sourcecode.swift; path = FollowsTabView.swift; sourceTree = "<group>"; };
		E60DDB2B2C9360B100FBBD36 /* FollowsView.swift */ = {isa = PBXFileReference; lastKnownFileType = sourcecode.swift; path = FollowsView.swift; sourceTree = "<group>"; };
		E60DDB2F2C93635C00FBBD36 /* FollowView.swift */ = {isa = PBXFileReference; lastKnownFileType = sourcecode.swift; path = FollowView.swift; sourceTree = "<group>"; };
		E63831AB2D120B050036F283 /* PostView.swift */ = {isa = PBXFileReference; lastKnownFileType = sourcecode.swift; path = PostView.swift; sourceTree = "<group>"; };
		E664647E2CA480AE0083C1D4 /* VotersView.swift */ = {isa = PBXFileReference; lastKnownFileType = sourcecode.swift; path = VotersView.swift; sourceTree = "<group>"; };
		E66464802CA481CC0083C1D4 /* VoteView.swift */ = {isa = PBXFileReference; lastKnownFileType = sourcecode.swift; path = VoteView.swift; sourceTree = "<group>"; };
		E66464822CA4889D0083C1D4 /* FollowButtonView.swift */ = {isa = PBXFileReference; lastKnownFileType = sourcecode.swift; path = FollowButtonView.swift; sourceTree = "<group>"; };
		E66464842CA4C2240083C1D4 /* Boost.swift */ = {isa = PBXFileReference; lastKnownFileType = sourcecode.swift; path = Boost.swift; sourceTree = "<group>"; };
		E66464862CA52AD00083C1D4 /* TermsOfServiceView.swift */ = {isa = PBXFileReference; lastKnownFileType = sourcecode.swift; path = TermsOfServiceView.swift; sourceTree = "<group>"; };
		E665930F2CE42223008E2515 /* NetworkMonitor.swift */ = {isa = PBXFileReference; lastKnownFileType = sourcecode.swift; path = NetworkMonitor.swift; sourceTree = "<group>"; };
		E67558942CA53C3700B98B5C /* SharesView.swift */ = {isa = PBXFileReference; lastKnownFileType = sourcecode.swift; path = SharesView.swift; sourceTree = "<group>"; };
		E67558962CA53E6900B98B5C /* BoostersView.swift */ = {isa = PBXFileReference; lastKnownFileType = sourcecode.swift; path = BoostersView.swift; sourceTree = "<group>"; };
		E675589C2CA68D9200B98B5C /* CoinShopView.swift */ = {isa = PBXFileReference; lastKnownFileType = sourcecode.swift; path = CoinShopView.swift; sourceTree = "<group>"; };
		E675589E2CAC74F800B98B5C /* StoreKit.framework */ = {isa = PBXFileReference; lastKnownFileType = wrapper.framework; name = StoreKit.framework; path = System/Library/Frameworks/StoreKit.framework; sourceTree = SDKROOT; };
		E67558A02CAC754800B98B5C /* InAppPurchaseManager.swift */ = {isa = PBXFileReference; lastKnownFileType = sourcecode.swift; path = InAppPurchaseManager.swift; sourceTree = "<group>"; };
		E67558A22CAC7ECC00B98B5C /* Bopito.entitlements */ = {isa = PBXFileReference; lastKnownFileType = text.plist.entitlements; path = Bopito.entitlements; sourceTree = "<group>"; };
		E67558A32CAC7EE700B98B5C /* Info.plist */ = {isa = PBXFileReference; lastKnownFileType = text.plist; path = Info.plist; sourceTree = "<group>"; };
		E67558AB2CACA27C00B98B5C /* NotificationManager.swift */ = {isa = PBXFileReference; lastKnownFileType = sourcecode.swift; path = NotificationManager.swift; sourceTree = "<group>"; };
		E67558AD2CAF42C400B98B5C /* Block.swift */ = {isa = PBXFileReference; lastKnownFileType = sourcecode.swift; path = Block.swift; sourceTree = "<group>"; };
		E67558AF2CAF8B0600B98B5C /* GoogleService-Info.plist */ = {isa = PBXFileReference; fileEncoding = 4; lastKnownFileType = text.plist.xml; path = "GoogleService-Info.plist"; sourceTree = "<group>"; };
		E694536D2C94AE1600F799E6 /* Notification.swift */ = {isa = PBXFileReference; lastKnownFileType = sourcecode.swift; path = Notification.swift; sourceTree = "<group>"; };
		E694536F2C94BF7D00F799E6 /* NotificationView.swift */ = {isa = PBXFileReference; lastKnownFileType = sourcecode.swift; path = NotificationView.swift; sourceTree = "<group>"; };
		E69453722C9BE9FA00F799E6 /* SubmissionView.swift */ = {isa = PBXFileReference; lastKnownFileType = sourcecode.swift; path = SubmissionView.swift; sourceTree = "<group>"; };
		E69453742C9CBB1400F799E6 /* Version.swift */ = {isa = PBXFileReference; lastKnownFileType = sourcecode.swift; path = Version.swift; sourceTree = "<group>"; };
		E69453772CA338F300F799E6 /* BoostsView.swift */ = {isa = PBXFileReference; lastKnownFileType = sourcecode.swift; path = BoostsView.swift; sourceTree = "<group>"; };
		E6E8F7AA2CEE8A6A00B6781E /* PII.swift */ = {isa = PBXFileReference; lastKnownFileType = sourcecode.swift; path = PII.swift; sourceTree = "<group>"; };
		E6EC460A2CD3F4B300AC3615 /* BoostButtonView.swift */ = {isa = PBXFileReference; lastKnownFileType = sourcecode.swift; path = BoostButtonView.swift; sourceTree = "<group>"; };
		E6FE7C262CB5B9B500919DCB /* SearchView.swift */ = {isa = PBXFileReference; lastKnownFileType = sourcecode.swift; path = SearchView.swift; sourceTree = "<group>"; };
		E6FE7C282CB5D35600919DCB /* AppDelegate.swift */ = {isa = PBXFileReference; lastKnownFileType = sourcecode.swift; path = AppDelegate.swift; sourceTree = "<group>"; };
		E6FE7C2A2CB86DDE00919DCB /* AdmobManager.swift */ = {isa = PBXFileReference; lastKnownFileType = sourcecode.swift; path = AdmobManager.swift; sourceTree = "<group>"; };
		E6FE7C2C2CC1A17600919DCB /* BoostInfo.swift */ = {isa = PBXFileReference; lastKnownFileType = sourcecode.swift; path = BoostInfo.swift; sourceTree = "<group>"; };
		E6FE7C2E2CC2E3C000919DCB /* BoostView.swift */ = {isa = PBXFileReference; lastKnownFileType = sourcecode.swift; path = BoostView.swift; sourceTree = "<group>"; };
		E6FE7C302CC6DE8600919DCB /* EditProfilePictureView.swift */ = {isa = PBXFileReference; lastKnownFileType = sourcecode.swift; path = EditProfilePictureView.swift; sourceTree = "<group>"; };
/* End PBXFileReference section */

/* Begin PBXFrameworksBuildPhase section */
		E60DDABE2C8A48D000FBBD36 /* Frameworks */ = {
			isa = PBXFrameworksBuildPhase;
			buildActionMask = 2147483647;
			files = (
				E67558A62CAC8EB900B98B5C /* FirebaseMessaging in Frameworks */,
				E60DDAF82C8A491F00FBBD36 /* PostgREST in Frameworks */,
				E675589F2CAC74F800B98B5C /* StoreKit.framework in Frameworks */,
				E6FE7C242CB5AD9C00919DCB /* GoogleMobileAds in Frameworks */,
				E60DDAF62C8A491F00FBBD36 /* Functions in Frameworks */,
				E60DDAFF2C8A4AE300FBBD36 /* Supabase in Frameworks */,
				E60DDAF42C8A491F00FBBD36 /* Auth in Frameworks */,
				E60DDAFC2C8A491F00FBBD36 /* Storage in Frameworks */,
				E60DDAFA2C8A491F00FBBD36 /* Realtime in Frameworks */,
			);
			runOnlyForDeploymentPostprocessing = 0;
		};
		E60DDAD02C8A48D100FBBD36 /* Frameworks */ = {
			isa = PBXFrameworksBuildPhase;
			buildActionMask = 2147483647;
			files = (
			);
			runOnlyForDeploymentPostprocessing = 0;
		};
		E60DDADA2C8A48D100FBBD36 /* Frameworks */ = {
			isa = PBXFrameworksBuildPhase;
			buildActionMask = 2147483647;
			files = (
			);
			runOnlyForDeploymentPostprocessing = 0;
		};
/* End PBXFrameworksBuildPhase section */

/* Begin PBXGroup section */
		E60DDAB82C8A48D000FBBD36 = {
			isa = PBXGroup;
			children = (
				E67558AF2CAF8B0600B98B5C /* GoogleService-Info.plist */,
				E60DDAC32C8A48D000FBBD36 /* Bopito */,
				E60DDAD62C8A48D100FBBD36 /* BopitoTests */,
				E60DDAE02C8A48D100FBBD36 /* BopitoUITests */,
				E60DDAC22C8A48D000FBBD36 /* Products */,
				E60DDAFD2C8A4AE300FBBD36 /* Frameworks */,
			);
			sourceTree = "<group>";
		};
		E60DDAC22C8A48D000FBBD36 /* Products */ = {
			isa = PBXGroup;
			children = (
				E60DDAC12C8A48D000FBBD36 /* Bopito.app */,
				E60DDAD32C8A48D100FBBD36 /* BopitoTests.xctest */,
				E60DDADD2C8A48D100FBBD36 /* BopitoUITests.xctest */,
			);
			name = Products;
			sourceTree = "<group>";
		};
		E60DDAC32C8A48D000FBBD36 /* Bopito */ = {
			isa = PBXGroup;
			children = (
				E67558A32CAC7EE700B98B5C /* Info.plist */,
				E67558A22CAC7ECC00B98B5C /* Bopito.entitlements */,
				E60DDAC42C8A48D000FBBD36 /* BopitoApp.swift */,
				E6FE7C282CB5D35600919DCB /* AppDelegate.swift */,
				E60DDAC62C8A48D000FBBD36 /* ContentView.swift */,
				E60DDAF02C8A48F900FBBD36 /* SupabaseManager.swift */,
				E67558A02CAC754800B98B5C /* InAppPurchaseManager.swift */,
				E67558AB2CACA27C00B98B5C /* NotificationManager.swift */,
				E6FE7C2A2CB86DDE00919DCB /* AdmobManager.swift */,
				E665930F2CE42223008E2515 /* NetworkMonitor.swift */,
				E60DDB1E2C90E9C100FBBD36 /* Tools */,
				E60DDB152C8A4C5900FBBD36 /* Objects */,
				E60DDB002C8A4B2500FBBD36 /* Views */,
				E60DDACA2C8A48D100FBBD36 /* Assets.xcassets */,
				E60DDACC2C8A48D100FBBD36 /* Preview Content */,
			);
			path = Bopito;
			sourceTree = "<group>";
		};
		E60DDACC2C8A48D100FBBD36 /* Preview Content */ = {
			isa = PBXGroup;
			children = (
				E60DDACD2C8A48D100FBBD36 /* Preview Assets.xcassets */,
			);
			path = "Preview Content";
			sourceTree = "<group>";
		};
		E60DDAD62C8A48D100FBBD36 /* BopitoTests */ = {
			isa = PBXGroup;
			children = (
				E60DDAD72C8A48D100FBBD36 /* BopitoTests.swift */,
			);
			path = BopitoTests;
			sourceTree = "<group>";
		};
		E60DDAE02C8A48D100FBBD36 /* BopitoUITests */ = {
			isa = PBXGroup;
			children = (
				E60DDAE12C8A48D100FBBD36 /* BopitoUITests.swift */,
				E60DDAE32C8A48D100FBBD36 /* BopitoUITestsLaunchTests.swift */,
			);
			path = BopitoUITests;
			sourceTree = "<group>";
		};
		E60DDAFD2C8A4AE300FBBD36 /* Frameworks */ = {
			isa = PBXGroup;
			children = (
				E675589E2CAC74F800B98B5C /* StoreKit.framework */,
			);
			name = Frameworks;
			sourceTree = "<group>";
		};
		E60DDB002C8A4B2500FBBD36 /* Views */ = {
			isa = PBXGroup;
			children = (
				E60DDB012C8A4B3400FBBD36 /* AppView.swift */,
				E60DDB252C92559A00FBBD36 /* Auth */,
				E67558992CA5E64500B98B5C /* Coins */,
				E67558982CA5E62E00B98B5C /* Home  */,
				E6FE7C252CB5B99C00919DCB /* Search */,
				E664647D2CA3EAA20083C1D4 /* Submission */,
				E69453712C94BF8100F799E6 /* Notifications */,
				E60DDB2A2C935FE600FBBD36 /* Profile */,
				E66464862CA52AD00083C1D4 /* TermsOfServiceView.swift */,
			);
			path = Views;
			sourceTree = "<group>";
		};
		E60DDB152C8A4C5900FBBD36 /* Objects */ = {
			isa = PBXGroup;
			children = (
				E60DDB132C8A4C5600FBBD36 /* Submission.swift */,
				E60DDB162C8A4C7C00FBBD36 /* User.swift */,
				E6E8F7AA2CEE8A6A00B6781E /* PII.swift */,
				E60DDB1A2C8BE66400FBBD36 /* Vote.swift */,
				E60DDB232C91E45D00FBBD36 /* Follow.swift */,
				E694536D2C94AE1600F799E6 /* Notification.swift */,
				E66464842CA4C2240083C1D4 /* Boost.swift */,
				E6FE7C2C2CC1A17600919DCB /* BoostInfo.swift */,
				E67558AD2CAF42C400B98B5C /* Block.swift */,
				E69453742C9CBB1400F799E6 /* Version.swift */,
			);
			path = Objects;
			sourceTree = "<group>";
		};
		E60DDB1E2C90E9C100FBBD36 /* Tools */ = {
			isa = PBXGroup;
			children = (
				E60DDB1F2C90E9E300FBBD36 /* DateTimeTool.swift */,
				E60DDB212C91278100FBBD36 /* RandomGeneratorTool.swift */,
			);
			path = Tools;
			sourceTree = "<group>";
		};
		E60DDB252C92559A00FBBD36 /* Auth */ = {
			isa = PBXGroup;
			children = (
			);
			path = Auth;
			sourceTree = "<group>";
		};
		E60DDB2A2C935FE600FBBD36 /* Profile */ = {
			isa = PBXGroup;
			children = (
				E60DDB0A2C8A4B8E00FBBD36 /* ProfileView.swift */,
				E60DDB282C935FE100FBBD36 /* FollowsTabView.swift */,
				E60DDB2B2C9360B100FBBD36 /* FollowsView.swift */,
				E60DDB2F2C93635C00FBBD36 /* FollowView.swift */,
				E66464822CA4889D0083C1D4 /* FollowButtonView.swift */,
				E60DDB1C2C90DF3D00FBBD36 /* EditProfileView.swift */,
				E6FE7C302CC6DE8600919DCB /* EditProfilePictureView.swift */,
				E607D4722CC72ACA00D448FB /* EditProfilePictureViewModel.swift */,
				E60DDB182C8B7F7300FBBD36 /* ProfilePictureView.swift */,
				E60DDB082C8A4B8E00FBBD36 /* SettingsView.swift */,
			);
			path = Profile;
			sourceTree = "<group>";
		};
		E664647D2CA3EAA20083C1D4 /* Submission */ = {
			isa = PBXGroup;
			children = (
				E69453722C9BE9FA00F799E6 /* SubmissionView.swift */,
				E63831AB2D120B050036F283 /* PostView.swift */,
				E60DDB062C8A4B8E00FBBD36 /* RepliesView.swift */,
				E664647E2CA480AE0083C1D4 /* VotersView.swift */,
				E66464802CA481CC0083C1D4 /* VoteView.swift */,
				E69453772CA338F300F799E6 /* BoostsView.swift */,
				E6FE7C2E2CC2E3C000919DCB /* BoostView.swift */,
				E6EC460A2CD3F4B300AC3615 /* BoostButtonView.swift */,
				E67558962CA53E6900B98B5C /* BoostersView.swift */,
				E67558942CA53C3700B98B5C /* SharesView.swift */,
				E60DDB052C8A4B8E00FBBD36 /* ComposePostView.swift */,
			);
			path = Submission;
			sourceTree = "<group>";
		};
		E67558982CA5E62E00B98B5C /* Home  */ = {
			isa = PBXGroup;
			children = (
				E60DDB042C8A4B8E00FBBD36 /* HomeView.swift */,
				E607D4762CCB187F00D448FB /* HomeViewModel.swift */,
			);
			path = "Home ";
			sourceTree = "<group>";
		};
		E67558992CA5E64500B98B5C /* Coins */ = {
			isa = PBXGroup;
			children = (
				E675589C2CA68D9200B98B5C /* CoinShopView.swift */,
			);
			path = Coins;
			sourceTree = "<group>";
		};
		E69453712C94BF8100F799E6 /* Notifications */ = {
			isa = PBXGroup;
			children = (
				E60DDB072C8A4B8E00FBBD36 /* NotificationsView.swift */,
				E694536F2C94BF7D00F799E6 /* NotificationView.swift */,
			);
			path = Notifications;
			sourceTree = "<group>";
		};
		E6FE7C252CB5B99C00919DCB /* Search */ = {
			isa = PBXGroup;
			children = (
				E6FE7C262CB5B9B500919DCB /* SearchView.swift */,
			);
			path = Search;
			sourceTree = "<group>";
		};
/* End PBXGroup section */

/* Begin PBXNativeTarget section */
		E60DDAC02C8A48D000FBBD36 /* Bopito */ = {
			isa = PBXNativeTarget;
			buildConfigurationList = E60DDAE72C8A48D100FBBD36 /* Build configuration list for PBXNativeTarget "Bopito" */;
			buildPhases = (
				E60DDABD2C8A48D000FBBD36 /* Sources */,
				E60DDABE2C8A48D000FBBD36 /* Frameworks */,
				E60DDABF2C8A48D000FBBD36 /* Resources */,
			);
			buildRules = (
			);
			dependencies = (
			);
			name = Bopito;
			packageProductDependencies = (
				E60DDAF32C8A491F00FBBD36 /* Auth */,
				E60DDAF52C8A491F00FBBD36 /* Functions */,
				E60DDAF72C8A491F00FBBD36 /* PostgREST */,
				E60DDAF92C8A491F00FBBD36 /* Realtime */,
				E60DDAFB2C8A491F00FBBD36 /* Storage */,
				E60DDAFE2C8A4AE300FBBD36 /* Supabase */,
				E67558A52CAC8EB900B98B5C /* FirebaseMessaging */,
				E6FE7C232CB5AD9C00919DCB /* GoogleMobileAds */,
			);
			productName = Bopito;
			productReference = E60DDAC12C8A48D000FBBD36 /* Bopito.app */;
			productType = "com.apple.product-type.application";
		};
		E60DDAD22C8A48D100FBBD36 /* BopitoTests */ = {
			isa = PBXNativeTarget;
			buildConfigurationList = E60DDAEA2C8A48D100FBBD36 /* Build configuration list for PBXNativeTarget "BopitoTests" */;
			buildPhases = (
				E60DDACF2C8A48D100FBBD36 /* Sources */,
				E60DDAD02C8A48D100FBBD36 /* Frameworks */,
				E60DDAD12C8A48D100FBBD36 /* Resources */,
			);
			buildRules = (
			);
			dependencies = (
				E60DDAD52C8A48D100FBBD36 /* PBXTargetDependency */,
			);
			name = BopitoTests;
			productName = BopitoTests;
			productReference = E60DDAD32C8A48D100FBBD36 /* BopitoTests.xctest */;
			productType = "com.apple.product-type.bundle.unit-test";
		};
		E60DDADC2C8A48D100FBBD36 /* BopitoUITests */ = {
			isa = PBXNativeTarget;
			buildConfigurationList = E60DDAED2C8A48D100FBBD36 /* Build configuration list for PBXNativeTarget "BopitoUITests" */;
			buildPhases = (
				E60DDAD92C8A48D100FBBD36 /* Sources */,
				E60DDADA2C8A48D100FBBD36 /* Frameworks */,
				E60DDADB2C8A48D100FBBD36 /* Resources */,
			);
			buildRules = (
			);
			dependencies = (
				E60DDADF2C8A48D100FBBD36 /* PBXTargetDependency */,
			);
			name = BopitoUITests;
			productName = BopitoUITests;
			productReference = E60DDADD2C8A48D100FBBD36 /* BopitoUITests.xctest */;
			productType = "com.apple.product-type.bundle.ui-testing";
		};
/* End PBXNativeTarget section */

/* Begin PBXProject section */
		E60DDAB92C8A48D000FBBD36 /* Project object */ = {
			isa = PBXProject;
			attributes = {
				BuildIndependentTargetsInParallel = 1;
				LastSwiftUpdateCheck = 1540;
				LastUpgradeCheck = 1540;
				TargetAttributes = {
					E60DDAC02C8A48D000FBBD36 = {
						CreatedOnToolsVersion = 15.4;
					};
					E60DDAD22C8A48D100FBBD36 = {
						CreatedOnToolsVersion = 15.4;
						TestTargetID = E60DDAC02C8A48D000FBBD36;
					};
					E60DDADC2C8A48D100FBBD36 = {
						CreatedOnToolsVersion = 15.4;
						TestTargetID = E60DDAC02C8A48D000FBBD36;
					};
				};
			};
			buildConfigurationList = E60DDABC2C8A48D000FBBD36 /* Build configuration list for PBXProject "Bopito" */;
			compatibilityVersion = "Xcode 14.0";
			developmentRegion = en;
			hasScannedForEncodings = 0;
			knownRegions = (
				en,
				Base,
			);
			mainGroup = E60DDAB82C8A48D000FBBD36;
			packageReferences = (
				E60DDAF22C8A491F00FBBD36 /* XCRemoteSwiftPackageReference "supabase-swift" */,
				E67558A42CAC8EB900B98B5C /* XCRemoteSwiftPackageReference "firebase-ios-sdk" */,
				E6FE7C222CB5AD9C00919DCB /* XCRemoteSwiftPackageReference "swift-package-manager-google-mobile-ads" */,
			);
			productRefGroup = E60DDAC22C8A48D000FBBD36 /* Products */;
			projectDirPath = "";
			projectRoot = "";
			targets = (
				E60DDAC02C8A48D000FBBD36 /* Bopito */,
				E60DDAD22C8A48D100FBBD36 /* BopitoTests */,
				E60DDADC2C8A48D100FBBD36 /* BopitoUITests */,
			);
		};
/* End PBXProject section */

/* Begin PBXResourcesBuildPhase section */
		E60DDABF2C8A48D000FBBD36 /* Resources */ = {
			isa = PBXResourcesBuildPhase;
			buildActionMask = 2147483647;
			files = (
				E60DDACE2C8A48D100FBBD36 /* Preview Assets.xcassets in Resources */,
				E60DDACB2C8A48D100FBBD36 /* Assets.xcassets in Resources */,
				E67558B02CAF8B0600B98B5C /* GoogleService-Info.plist in Resources */,
			);
			runOnlyForDeploymentPostprocessing = 0;
		};
		E60DDAD12C8A48D100FBBD36 /* Resources */ = {
			isa = PBXResourcesBuildPhase;
			buildActionMask = 2147483647;
			files = (
			);
			runOnlyForDeploymentPostprocessing = 0;
		};
		E60DDADB2C8A48D100FBBD36 /* Resources */ = {
			isa = PBXResourcesBuildPhase;
			buildActionMask = 2147483647;
			files = (
			);
			runOnlyForDeploymentPostprocessing = 0;
		};
/* End PBXResourcesBuildPhase section */

/* Begin PBXSourcesBuildPhase section */
		E60DDABD2C8A48D000FBBD36 /* Sources */ = {
			isa = PBXSourcesBuildPhase;
			buildActionMask = 2147483647;
			files = (
				E60DDB122C8A4B8E00FBBD36 /* ProfileView.swift in Sources */,
				E66464832CA4889D0083C1D4 /* FollowButtonView.swift in Sources */,
				E664647F2CA480AE0083C1D4 /* VotersView.swift in Sources */,
				E69453752C9CBB1400F799E6 /* Version.swift in Sources */,
				E6FE7C292CB5D35600919DCB /* AppDelegate.swift in Sources */,
				E60DDB302C93635C00FBBD36 /* FollowView.swift in Sources */,
				E60DDB1D2C90DF3D00FBBD36 /* EditProfileView.swift in Sources */,
				E63831AC2D120B050036F283 /* PostView.swift in Sources */,
				E66464852CA4C2240083C1D4 /* Boost.swift in Sources */,
				E60DDB142C8A4C5600FBBD36 /* Submission.swift in Sources */,
				E60DDB022C8A4B3400FBBD36 /* AppView.swift in Sources */,
				E60DDAC72C8A48D000FBBD36 /* ContentView.swift in Sources */,
				E6FE7C2D2CC1A17600919DCB /* BoostInfo.swift in Sources */,
				E60DDB192C8B7F7300FBBD36 /* ProfilePictureView.swift in Sources */,
				E607D4732CC72ACA00D448FB /* EditProfilePictureViewModel.swift in Sources */,
				E60DDAC52C8A48D000FBBD36 /* BopitoApp.swift in Sources */,
				E6FE7C2F2CC2E3C000919DCB /* BoostView.swift in Sources */,
				E69453702C94BF7D00F799E6 /* NotificationView.swift in Sources */,
				E67558AE2CAF42C400B98B5C /* Block.swift in Sources */,
				E675589D2CA68D9200B98B5C /* CoinShopView.swift in Sources */,
				E67558952CA53C3700B98B5C /* SharesView.swift in Sources */,
				E60DDB0C2C8A4B8E00FBBD36 /* HomeView.swift in Sources */,
				E69453782CA338F300F799E6 /* BoostsView.swift in Sources */,
				E6E8F7AB2CEE8A6A00B6781E /* PII.swift in Sources */,
				E6FE7C2B2CB86DDE00919DCB /* AdmobManager.swift in Sources */,
				E6FE7C272CB5B9B500919DCB /* SearchView.swift in Sources */,
				E60DDB202C90E9E300FBBD36 /* DateTimeTool.swift in Sources */,
				E60DDB0D2C8A4B8E00FBBD36 /* ComposePostView.swift in Sources */,
				E60DDB242C91E45D00FBBD36 /* Follow.swift in Sources */,
				E66593102CE42223008E2515 /* NetworkMonitor.swift in Sources */,
				E6EC460B2CD3F4B300AC3615 /* BoostButtonView.swift in Sources */,
				E60DDB102C8A4B8E00FBBD36 /* SettingsView.swift in Sources */,
				E69453732C9BE9FA00F799E6 /* SubmissionView.swift in Sources */,
				E60DDB0E2C8A4B8E00FBBD36 /* RepliesView.swift in Sources */,
				E60DDB2C2C9360B100FBBD36 /* FollowsView.swift in Sources */,
				E60DDB1B2C8BE66400FBBD36 /* Vote.swift in Sources */,
				E67558972CA53E6900B98B5C /* BoostersView.swift in Sources */,
				E67558AC2CACA27C00B98B5C /* NotificationManager.swift in Sources */,
				E66464812CA481CC0083C1D4 /* VoteView.swift in Sources */,
				E60DDAF12C8A48F900FBBD36 /* SupabaseManager.swift in Sources */,
				E60DDB0F2C8A4B8E00FBBD36 /* NotificationsView.swift in Sources */,
				E60DDB292C935FE100FBBD36 /* FollowsTabView.swift in Sources */,
				E694536E2C94AE1600F799E6 /* Notification.swift in Sources */,
				E60DDB222C91278100FBBD36 /* RandomGeneratorTool.swift in Sources */,
				E607D4772CCB187F00D448FB /* HomeViewModel.swift in Sources */,
				E60DDB172C8A4C7C00FBBD36 /* User.swift in Sources */,
				E66464872CA52AD00083C1D4 /* TermsOfServiceView.swift in Sources */,
				E6FE7C312CC6DE8600919DCB /* EditProfilePictureView.swift in Sources */,
				E67558A12CAC754800B98B5C /* InAppPurchaseManager.swift in Sources */,
			);
			runOnlyForDeploymentPostprocessing = 0;
		};
		E60DDACF2C8A48D100FBBD36 /* Sources */ = {
			isa = PBXSourcesBuildPhase;
			buildActionMask = 2147483647;
			files = (
				E60DDAD82C8A48D100FBBD36 /* BopitoTests.swift in Sources */,
			);
			runOnlyForDeploymentPostprocessing = 0;
		};
		E60DDAD92C8A48D100FBBD36 /* Sources */ = {
			isa = PBXSourcesBuildPhase;
			buildActionMask = 2147483647;
			files = (
				E60DDAE22C8A48D100FBBD36 /* BopitoUITests.swift in Sources */,
				E60DDAE42C8A48D100FBBD36 /* BopitoUITestsLaunchTests.swift in Sources */,
			);
			runOnlyForDeploymentPostprocessing = 0;
		};
/* End PBXSourcesBuildPhase section */

/* Begin PBXTargetDependency section */
		E60DDAD52C8A48D100FBBD36 /* PBXTargetDependency */ = {
			isa = PBXTargetDependency;
			target = E60DDAC02C8A48D000FBBD36 /* Bopito */;
			targetProxy = E60DDAD42C8A48D100FBBD36 /* PBXContainerItemProxy */;
		};
		E60DDADF2C8A48D100FBBD36 /* PBXTargetDependency */ = {
			isa = PBXTargetDependency;
			target = E60DDAC02C8A48D000FBBD36 /* Bopito */;
			targetProxy = E60DDADE2C8A48D100FBBD36 /* PBXContainerItemProxy */;
		};
/* End PBXTargetDependency section */

/* Begin XCBuildConfiguration section */
		E60DDAE52C8A48D100FBBD36 /* Debug */ = {
			isa = XCBuildConfiguration;
			buildSettings = {
				ALWAYS_SEARCH_USER_PATHS = NO;
				ASSETCATALOG_COMPILER_GENERATE_SWIFT_ASSET_SYMBOL_EXTENSIONS = YES;
				CLANG_ANALYZER_NONNULL = YES;
				CLANG_ANALYZER_NUMBER_OBJECT_CONVERSION = YES_AGGRESSIVE;
				CLANG_CXX_LANGUAGE_STANDARD = "gnu++20";
				CLANG_ENABLE_MODULES = YES;
				CLANG_ENABLE_OBJC_ARC = YES;
				CLANG_ENABLE_OBJC_WEAK = YES;
				CLANG_WARN_BLOCK_CAPTURE_AUTORELEASING = YES;
				CLANG_WARN_BOOL_CONVERSION = YES;
				CLANG_WARN_COMMA = YES;
				CLANG_WARN_CONSTANT_CONVERSION = YES;
				CLANG_WARN_DEPRECATED_OBJC_IMPLEMENTATIONS = YES;
				CLANG_WARN_DIRECT_OBJC_ISA_USAGE = YES_ERROR;
				CLANG_WARN_DOCUMENTATION_COMMENTS = YES;
				CLANG_WARN_EMPTY_BODY = YES;
				CLANG_WARN_ENUM_CONVERSION = YES;
				CLANG_WARN_INFINITE_RECURSION = YES;
				CLANG_WARN_INT_CONVERSION = YES;
				CLANG_WARN_NON_LITERAL_NULL_CONVERSION = YES;
				CLANG_WARN_OBJC_IMPLICIT_RETAIN_SELF = YES;
				CLANG_WARN_OBJC_LITERAL_CONVERSION = YES;
				CLANG_WARN_OBJC_ROOT_CLASS = YES_ERROR;
				CLANG_WARN_QUOTED_INCLUDE_IN_FRAMEWORK_HEADER = YES;
				CLANG_WARN_RANGE_LOOP_ANALYSIS = YES;
				CLANG_WARN_STRICT_PROTOTYPES = YES;
				CLANG_WARN_SUSPICIOUS_MOVE = YES;
				CLANG_WARN_UNGUARDED_AVAILABILITY = YES_AGGRESSIVE;
				CLANG_WARN_UNREACHABLE_CODE = YES;
				CLANG_WARN__DUPLICATE_METHOD_MATCH = YES;
				COPY_PHASE_STRIP = NO;
				DEBUG_INFORMATION_FORMAT = dwarf;
				ENABLE_STRICT_OBJC_MSGSEND = YES;
				ENABLE_TESTABILITY = YES;
				ENABLE_USER_SCRIPT_SANDBOXING = YES;
				GCC_C_LANGUAGE_STANDARD = gnu17;
				GCC_DYNAMIC_NO_PIC = NO;
				GCC_NO_COMMON_BLOCKS = YES;
				GCC_OPTIMIZATION_LEVEL = 0;
				GCC_PREPROCESSOR_DEFINITIONS = (
					"DEBUG=1",
					"$(inherited)",
				);
				GCC_WARN_64_TO_32_BIT_CONVERSION = YES;
				GCC_WARN_ABOUT_RETURN_TYPE = YES_ERROR;
				GCC_WARN_UNDECLARED_SELECTOR = YES;
				GCC_WARN_UNINITIALIZED_AUTOS = YES_AGGRESSIVE;
				GCC_WARN_UNUSED_FUNCTION = YES;
				GCC_WARN_UNUSED_VARIABLE = YES;
				IPHONEOS_DEPLOYMENT_TARGET = 17.5;
				LOCALIZATION_PREFERS_STRING_CATALOGS = YES;
				MTL_ENABLE_DEBUG_INFO = INCLUDE_SOURCE;
				MTL_FAST_MATH = YES;
				ONLY_ACTIVE_ARCH = YES;
				SDKROOT = iphoneos;
				SWIFT_ACTIVE_COMPILATION_CONDITIONS = "DEBUG $(inherited)";
				SWIFT_OPTIMIZATION_LEVEL = "-Onone";
			};
			name = Debug;
		};
		E60DDAE62C8A48D100FBBD36 /* Release */ = {
			isa = XCBuildConfiguration;
			buildSettings = {
				ALWAYS_SEARCH_USER_PATHS = NO;
				ASSETCATALOG_COMPILER_GENERATE_SWIFT_ASSET_SYMBOL_EXTENSIONS = YES;
				CLANG_ANALYZER_NONNULL = YES;
				CLANG_ANALYZER_NUMBER_OBJECT_CONVERSION = YES_AGGRESSIVE;
				CLANG_CXX_LANGUAGE_STANDARD = "gnu++20";
				CLANG_ENABLE_MODULES = YES;
				CLANG_ENABLE_OBJC_ARC = YES;
				CLANG_ENABLE_OBJC_WEAK = YES;
				CLANG_WARN_BLOCK_CAPTURE_AUTORELEASING = YES;
				CLANG_WARN_BOOL_CONVERSION = YES;
				CLANG_WARN_COMMA = YES;
				CLANG_WARN_CONSTANT_CONVERSION = YES;
				CLANG_WARN_DEPRECATED_OBJC_IMPLEMENTATIONS = YES;
				CLANG_WARN_DIRECT_OBJC_ISA_USAGE = YES_ERROR;
				CLANG_WARN_DOCUMENTATION_COMMENTS = YES;
				CLANG_WARN_EMPTY_BODY = YES;
				CLANG_WARN_ENUM_CONVERSION = YES;
				CLANG_WARN_INFINITE_RECURSION = YES;
				CLANG_WARN_INT_CONVERSION = YES;
				CLANG_WARN_NON_LITERAL_NULL_CONVERSION = YES;
				CLANG_WARN_OBJC_IMPLICIT_RETAIN_SELF = YES;
				CLANG_WARN_OBJC_LITERAL_CONVERSION = YES;
				CLANG_WARN_OBJC_ROOT_CLASS = YES_ERROR;
				CLANG_WARN_QUOTED_INCLUDE_IN_FRAMEWORK_HEADER = YES;
				CLANG_WARN_RANGE_LOOP_ANALYSIS = YES;
				CLANG_WARN_STRICT_PROTOTYPES = YES;
				CLANG_WARN_SUSPICIOUS_MOVE = YES;
				CLANG_WARN_UNGUARDED_AVAILABILITY = YES_AGGRESSIVE;
				CLANG_WARN_UNREACHABLE_CODE = YES;
				CLANG_WARN__DUPLICATE_METHOD_MATCH = YES;
				COPY_PHASE_STRIP = NO;
				DEBUG_INFORMATION_FORMAT = "dwarf-with-dsym";
				ENABLE_NS_ASSERTIONS = NO;
				ENABLE_STRICT_OBJC_MSGSEND = YES;
				ENABLE_USER_SCRIPT_SANDBOXING = YES;
				GCC_C_LANGUAGE_STANDARD = gnu17;
				GCC_NO_COMMON_BLOCKS = YES;
				GCC_WARN_64_TO_32_BIT_CONVERSION = YES;
				GCC_WARN_ABOUT_RETURN_TYPE = YES_ERROR;
				GCC_WARN_UNDECLARED_SELECTOR = YES;
				GCC_WARN_UNINITIALIZED_AUTOS = YES_AGGRESSIVE;
				GCC_WARN_UNUSED_FUNCTION = YES;
				GCC_WARN_UNUSED_VARIABLE = YES;
				IPHONEOS_DEPLOYMENT_TARGET = 17.5;
				LOCALIZATION_PREFERS_STRING_CATALOGS = YES;
				MTL_ENABLE_DEBUG_INFO = NO;
				MTL_FAST_MATH = YES;
				SDKROOT = iphoneos;
				SWIFT_COMPILATION_MODE = wholemodule;
				VALIDATE_PRODUCT = YES;
			};
			name = Release;
		};
		E60DDAE82C8A48D100FBBD36 /* Debug */ = {
			isa = XCBuildConfiguration;
			buildSettings = {
				ASSETCATALOG_COMPILER_APPICON_NAME = AppIcon;
				ASSETCATALOG_COMPILER_GLOBAL_ACCENT_COLOR_NAME = AccentColor;
				ASSETCATALOG_COMPILER_INCLUDE_ALL_APPICON_ASSETS = NO;
				CODE_SIGN_ENTITLEMENTS = Bopito/Bopito.entitlements;
				CODE_SIGN_STYLE = Automatic;
				CURRENT_PROJECT_VERSION = 1;
				DEVELOPMENT_ASSET_PATHS = "\"Bopito/Preview Content\"";
				DEVELOPMENT_TEAM = D2495MYV67;
				ENABLE_PREVIEWS = YES;
				GENERATE_INFOPLIST_FILE = YES;
				INFOPLIST_FILE = Bopito/Info.plist;
				INFOPLIST_KEY_CFBundleDisplayName = Bopito;
				INFOPLIST_KEY_LSApplicationCategoryType = "public.app-category.social-networking";
				INFOPLIST_KEY_UIApplicationSceneManifest_Generation = YES;
				INFOPLIST_KEY_UIApplicationSupportsIndirectInputEvents = YES;
				INFOPLIST_KEY_UILaunchScreen_Generation = YES;
				INFOPLIST_KEY_UISupportedInterfaceOrientations = UIInterfaceOrientationPortrait;
				INFOPLIST_KEY_UISupportedInterfaceOrientations_iPad = "UIInterfaceOrientationLandscapeLeft UIInterfaceOrientationLandscapeRight UIInterfaceOrientationPortrait UIInterfaceOrientationPortraitUpsideDown";
				LD_RUNPATH_SEARCH_PATHS = (
					"$(inherited)",
					"@executable_path/Frameworks",
				);
				MARKETING_VERSION = 2.8;
				PRODUCT_BUNDLE_IDENTIFIER = com.Bopito.Bopito;
				PRODUCT_NAME = "$(TARGET_NAME)";
				SWIFT_EMIT_LOC_STRINGS = YES;
				SWIFT_VERSION = 5.0;
				TARGETED_DEVICE_FAMILY = "1,2";
			};
			name = Debug;
		};
		E60DDAE92C8A48D100FBBD36 /* Release */ = {
			isa = XCBuildConfiguration;
			buildSettings = {
				ASSETCATALOG_COMPILER_APPICON_NAME = AppIcon;
				ASSETCATALOG_COMPILER_GLOBAL_ACCENT_COLOR_NAME = AccentColor;
				ASSETCATALOG_COMPILER_INCLUDE_ALL_APPICON_ASSETS = NO;
				CODE_SIGN_ENTITLEMENTS = Bopito/Bopito.entitlements;
				CODE_SIGN_STYLE = Automatic;
				CURRENT_PROJECT_VERSION = 1;
				DEVELOPMENT_ASSET_PATHS = "\"Bopito/Preview Content\"";
				DEVELOPMENT_TEAM = D2495MYV67;
				ENABLE_PREVIEWS = YES;
				GENERATE_INFOPLIST_FILE = YES;
				INFOPLIST_FILE = Bopito/Info.plist;
				INFOPLIST_KEY_CFBundleDisplayName = Bopito;
				INFOPLIST_KEY_LSApplicationCategoryType = "public.app-category.social-networking";
				INFOPLIST_KEY_UIApplicationSceneManifest_Generation = YES;
				INFOPLIST_KEY_UIApplicationSupportsIndirectInputEvents = YES;
				INFOPLIST_KEY_UILaunchScreen_Generation = YES;
				INFOPLIST_KEY_UISupportedInterfaceOrientations = UIInterfaceOrientationPortrait;
				INFOPLIST_KEY_UISupportedInterfaceOrientations_iPad = "UIInterfaceOrientationLandscapeLeft UIInterfaceOrientationLandscapeRight UIInterfaceOrientationPortrait UIInterfaceOrientationPortraitUpsideDown";
				LD_RUNPATH_SEARCH_PATHS = (
					"$(inherited)",
					"@executable_path/Frameworks",
				);
				MARKETING_VERSION = 2.8;
				PRODUCT_BUNDLE_IDENTIFIER = com.Bopito.Bopito;
				PRODUCT_NAME = "$(TARGET_NAME)";
				SWIFT_EMIT_LOC_STRINGS = YES;
				SWIFT_VERSION = 5.0;
				TARGETED_DEVICE_FAMILY = "1,2";
			};
			name = Release;
		};
		E60DDAEB2C8A48D100FBBD36 /* Debug */ = {
			isa = XCBuildConfiguration;
			buildSettings = {
				ALWAYS_EMBED_SWIFT_STANDARD_LIBRARIES = YES;
				BUNDLE_LOADER = "$(TEST_HOST)";
				CODE_SIGN_STYLE = Automatic;
				CURRENT_PROJECT_VERSION = 1;
				DEVELOPMENT_TEAM = D2495MYV67;
				GENERATE_INFOPLIST_FILE = YES;
				IPHONEOS_DEPLOYMENT_TARGET = 17.5;
				MARKETING_VERSION = 1.0;
				PRODUCT_BUNDLE_IDENTIFIER = com.HansHeidmann.BopitoTests;
				PRODUCT_NAME = "$(TARGET_NAME)";
				SWIFT_EMIT_LOC_STRINGS = NO;
				SWIFT_VERSION = 5.0;
				TARGETED_DEVICE_FAMILY = "1,2";
				TEST_HOST = "$(BUILT_PRODUCTS_DIR)/Bopito.app/$(BUNDLE_EXECUTABLE_FOLDER_PATH)/Bopito";
			};
			name = Debug;
		};
		E60DDAEC2C8A48D100FBBD36 /* Release */ = {
			isa = XCBuildConfiguration;
			buildSettings = {
				ALWAYS_EMBED_SWIFT_STANDARD_LIBRARIES = YES;
				BUNDLE_LOADER = "$(TEST_HOST)";
				CODE_SIGN_STYLE = Automatic;
				CURRENT_PROJECT_VERSION = 1;
				DEVELOPMENT_TEAM = D2495MYV67;
				GENERATE_INFOPLIST_FILE = YES;
				IPHONEOS_DEPLOYMENT_TARGET = 17.5;
				MARKETING_VERSION = 1.0;
				PRODUCT_BUNDLE_IDENTIFIER = com.HansHeidmann.BopitoTests;
				PRODUCT_NAME = "$(TARGET_NAME)";
				SWIFT_EMIT_LOC_STRINGS = NO;
				SWIFT_VERSION = 5.0;
				TARGETED_DEVICE_FAMILY = "1,2";
				TEST_HOST = "$(BUILT_PRODUCTS_DIR)/Bopito.app/$(BUNDLE_EXECUTABLE_FOLDER_PATH)/Bopito";
			};
			name = Release;
		};
		E60DDAEE2C8A48D100FBBD36 /* Debug */ = {
			isa = XCBuildConfiguration;
			buildSettings = {
				ALWAYS_EMBED_SWIFT_STANDARD_LIBRARIES = YES;
				CODE_SIGN_STYLE = Automatic;
				CURRENT_PROJECT_VERSION = 1;
				DEVELOPMENT_TEAM = D2495MYV67;
				GENERATE_INFOPLIST_FILE = YES;
				MARKETING_VERSION = 1.0;
				PRODUCT_BUNDLE_IDENTIFIER = com.HansHeidmann.BopitoUITests;
				PRODUCT_NAME = "$(TARGET_NAME)";
				SWIFT_EMIT_LOC_STRINGS = NO;
				SWIFT_VERSION = 5.0;
				TARGETED_DEVICE_FAMILY = "1,2";
				TEST_TARGET_NAME = Bopito;
			};
			name = Debug;
		};
		E60DDAEF2C8A48D100FBBD36 /* Release */ = {
			isa = XCBuildConfiguration;
			buildSettings = {
				ALWAYS_EMBED_SWIFT_STANDARD_LIBRARIES = YES;
				CODE_SIGN_STYLE = Automatic;
				CURRENT_PROJECT_VERSION = 1;
				DEVELOPMENT_TEAM = D2495MYV67;
				GENERATE_INFOPLIST_FILE = YES;
				MARKETING_VERSION = 1.0;
				PRODUCT_BUNDLE_IDENTIFIER = com.HansHeidmann.BopitoUITests;
				PRODUCT_NAME = "$(TARGET_NAME)";
				SWIFT_EMIT_LOC_STRINGS = NO;
				SWIFT_VERSION = 5.0;
				TARGETED_DEVICE_FAMILY = "1,2";
				TEST_TARGET_NAME = Bopito;
			};
			name = Release;
		};
/* End XCBuildConfiguration section */

/* Begin XCConfigurationList section */
		E60DDABC2C8A48D000FBBD36 /* Build configuration list for PBXProject "Bopito" */ = {
			isa = XCConfigurationList;
			buildConfigurations = (
				E60DDAE52C8A48D100FBBD36 /* Debug */,
				E60DDAE62C8A48D100FBBD36 /* Release */,
			);
			defaultConfigurationIsVisible = 0;
			defaultConfigurationName = Release;
		};
		E60DDAE72C8A48D100FBBD36 /* Build configuration list for PBXNativeTarget "Bopito" */ = {
			isa = XCConfigurationList;
			buildConfigurations = (
				E60DDAE82C8A48D100FBBD36 /* Debug */,
				E60DDAE92C8A48D100FBBD36 /* Release */,
			);
			defaultConfigurationIsVisible = 0;
			defaultConfigurationName = Release;
		};
		E60DDAEA2C8A48D100FBBD36 /* Build configuration list for PBXNativeTarget "BopitoTests" */ = {
			isa = XCConfigurationList;
			buildConfigurations = (
				E60DDAEB2C8A48D100FBBD36 /* Debug */,
				E60DDAEC2C8A48D100FBBD36 /* Release */,
			);
			defaultConfigurationIsVisible = 0;
			defaultConfigurationName = Release;
		};
		E60DDAED2C8A48D100FBBD36 /* Build configuration list for PBXNativeTarget "BopitoUITests" */ = {
			isa = XCConfigurationList;
			buildConfigurations = (
				E60DDAEE2C8A48D100FBBD36 /* Debug */,
				E60DDAEF2C8A48D100FBBD36 /* Release */,
			);
			defaultConfigurationIsVisible = 0;
			defaultConfigurationName = Release;
		};
/* End XCConfigurationList section */

/* Begin XCRemoteSwiftPackageReference section */
		E60DDAF22C8A491F00FBBD36 /* XCRemoteSwiftPackageReference "supabase-swift" */ = {
			isa = XCRemoteSwiftPackageReference;
			repositoryURL = "https://github.com/supabase-community/supabase-swift";
			requirement = {
				kind = upToNextMajorVersion;
				minimumVersion = 2.5.1;
			};
		};
		E67558A42CAC8EB900B98B5C /* XCRemoteSwiftPackageReference "firebase-ios-sdk" */ = {
			isa = XCRemoteSwiftPackageReference;
			repositoryURL = "https://github.com/firebase/firebase-ios-sdk.git";
			requirement = {
				kind = upToNextMajorVersion;
				minimumVersion = 11.3.0;
			};
		};
		E6FE7C222CB5AD9C00919DCB /* XCRemoteSwiftPackageReference "swift-package-manager-google-mobile-ads" */ = {
			isa = XCRemoteSwiftPackageReference;
			repositoryURL = "https://github.com/googleads/swift-package-manager-google-mobile-ads.git";
			requirement = {
				kind = upToNextMajorVersion;
				minimumVersion = 11.10.0;
			};
		};
/* End XCRemoteSwiftPackageReference section */

/* Begin XCSwiftPackageProductDependency section */
		E60DDAF32C8A491F00FBBD36 /* Auth */ = {
			isa = XCSwiftPackageProductDependency;
			package = E60DDAF22C8A491F00FBBD36 /* XCRemoteSwiftPackageReference "supabase-swift" */;
			productName = Auth;
		};
		E60DDAF52C8A491F00FBBD36 /* Functions */ = {
			isa = XCSwiftPackageProductDependency;
			package = E60DDAF22C8A491F00FBBD36 /* XCRemoteSwiftPackageReference "supabase-swift" */;
			productName = Functions;
		};
		E60DDAF72C8A491F00FBBD36 /* PostgREST */ = {
			isa = XCSwiftPackageProductDependency;
			package = E60DDAF22C8A491F00FBBD36 /* XCRemoteSwiftPackageReference "supabase-swift" */;
			productName = PostgREST;
		};
		E60DDAF92C8A491F00FBBD36 /* Realtime */ = {
			isa = XCSwiftPackageProductDependency;
			package = E60DDAF22C8A491F00FBBD36 /* XCRemoteSwiftPackageReference "supabase-swift" */;
			productName = Realtime;
		};
		E60DDAFB2C8A491F00FBBD36 /* Storage */ = {
			isa = XCSwiftPackageProductDependency;
			package = E60DDAF22C8A491F00FBBD36 /* XCRemoteSwiftPackageReference "supabase-swift" */;
			productName = Storage;
		};
		E60DDAFE2C8A4AE300FBBD36 /* Supabase */ = {
			isa = XCSwiftPackageProductDependency;
			package = E60DDAF22C8A491F00FBBD36 /* XCRemoteSwiftPackageReference "supabase-swift" */;
			productName = Supabase;
		};
		E67558A52CAC8EB900B98B5C /* FirebaseMessaging */ = {
			isa = XCSwiftPackageProductDependency;
			package = E67558A42CAC8EB900B98B5C /* XCRemoteSwiftPackageReference "firebase-ios-sdk" */;
			productName = FirebaseMessaging;
		};
		E6FE7C232CB5AD9C00919DCB /* GoogleMobileAds */ = {
			isa = XCSwiftPackageProductDependency;
			package = E6FE7C222CB5AD9C00919DCB /* XCRemoteSwiftPackageReference "swift-package-manager-google-mobile-ads" */;
			productName = GoogleMobileAds;
		};
/* End XCSwiftPackageProductDependency section */
	};
	rootObject = E60DDAB92C8A48D000FBBD36 /* Project object */;
}
